{
  "version": 4,
  "terraform_version": "1.5.2",
  "serial": 16,
  "lineage": "26ffb38e-4ab4-b06b-ea4b-59d1049091c0",
  "outputs": {},
  "resources": [
    {
      "mode": "data",
      "type": "azurerm_resource_group",
      "name": "current",
      "provider": "provider[\"registry.terraform.io/hashicorp/azurerm\"]",
      "instances": [
        {
          "schema_version": 0,
          "attributes": {
            "id": "/subscriptions/c56aea2c-50de-4adc-9673-6a8008892c21/resourceGroups/b1e3-gr2",
            "location": "westeurope",
            "name": "b1e3-gr2",
            "tags": {},
            "timeouts": null
          },
          "sensitive_attributes": []
        }
      ]
    },
    {
      "mode": "managed",
      "type": "azurerm_network_interface",
      "name": "main",
      "provider": "provider[\"registry.terraform.io/hashicorp/azurerm\"]",
      "instances": [
        {
          "schema_version": 0,
          "attributes": {
            "applied_dns_servers": [],
            "dns_servers": [],
            "edge_zone": "",
            "enable_accelerated_networking": false,
            "enable_ip_forwarding": false,
            "id": "/subscriptions/c56aea2c-50de-4adc-9673-6a8008892c21/resourceGroups/b1e3-gr2/providers/Microsoft.Network/networkInterfaces/b1e3-gr2-nic",
            "internal_dns_name_label": "",
            "internal_domain_name_suffix": "se3321phpghu3mpy434naruzdb.ax.internal.cloudapp.net",
            "ip_configuration": [
              {
                "gateway_load_balancer_frontend_ip_configuration_id": "",
                "name": "b1e3-gr2-nic-private_ip",
                "primary": true,
                "private_ip_address": "10.1.0.4",
                "private_ip_address_allocation": "Dynamic",
                "private_ip_address_version": "IPv4",
                "public_ip_address_id": "",
                "subnet_id": "/subscriptions/c56aea2c-50de-4adc-9673-6a8008892c21/resourceGroups/b1e3-gr2/providers/Microsoft.Network/virtualNetworks/vn/subnets/sr1"
              }
            ],
            "location": "westeurope",
            "mac_address": "",
            "name": "b1e3-gr2-nic",
            "private_ip_address": "10.1.0.4",
            "private_ip_addresses": [
              "10.1.0.4"
            ],
            "resource_group_name": "b1e3-gr2",
            "tags": {},
            "timeouts": null,
            "virtual_machine_id": ""
          },
          "sensitive_attributes": [],
          "private": "eyJlMmJmYjczMC1lY2FhLTExZTYtOGY4OC0zNDM2M2JjN2M0YzAiOnsiY3JlYXRlIjoxODAwMDAwMDAwMDAwLCJkZWxldGUiOjE4MDAwMDAwMDAwMDAsInJlYWQiOjMwMDAwMDAwMDAwMCwidXBkYXRlIjoxODAwMDAwMDAwMDAwfX0=",
          "dependencies": [
            "azurerm_subnet.Subnet",
            "azurerm_virtual_network.VNet",
            "data.azurerm_resource_group.current",
            "time_static.main"
          ]
        }
      ]
    },
    {
      "mode": "managed",
      "type": "azurerm_network_security_group",
      "name": "NSG_Bastion",
      "provider": "provider[\"registry.terraform.io/hashicorp/azurerm\"]",
      "instances": [
        {
          "schema_version": 0,
          "attributes": {
            "id": "/subscriptions/c56aea2c-50de-4adc-9673-6a8008892c21/resourceGroups/b1e3-gr2/providers/Microsoft.Network/networkSecurityGroups/b1e3-gr2-nsg-bastion",
            "location": "westeurope",
            "name": "b1e3-gr2-nsg-bastion",
            "resource_group_name": "b1e3-gr2",
            "security_rule": [
              {
                "access": "Allow",
                "description": "",
                "destination_address_prefix": "*",
                "destination_address_prefixes": [],
                "destination_application_security_group_ids": [],
                "destination_port_range": "10022",
                "destination_port_ranges": [],
                "direction": "Inbound",
                "name": "SSH_Rule",
                "priority": 100,
                "protocol": "Tcp",
                "source_address_prefix": "82.126.234.200",
                "source_address_prefixes": [],
                "source_application_security_group_ids": [],
                "source_port_range": "*",
                "source_port_ranges": []
              }
            ],
            "tags": {},
            "timeouts": null
          },
          "sensitive_attributes": [],
          "private": "eyJlMmJmYjczMC1lY2FhLTExZTYtOGY4OC0zNDM2M2JjN2M0YzAiOnsiY3JlYXRlIjoxODAwMDAwMDAwMDAwLCJkZWxldGUiOjE4MDAwMDAwMDAwMDAsInJlYWQiOjMwMDAwMDAwMDAwMCwidXBkYXRlIjoxODAwMDAwMDAwMDAwfX0=",
          "dependencies": [
            "data.azurerm_resource_group.current"
          ]
        }
      ]
    },
    {
      "mode": "managed",
      "type": "azurerm_network_security_rule",
      "name": "NSG_Bastion_Rules",
      "provider": "provider[\"registry.terraform.io/hashicorp/azurerm\"]",
      "instances": [
        {
          "schema_version": 0,
          "attributes": {
            "access": "Allow",
            "description": "",
            "destination_address_prefix": "*",
            "destination_address_prefixes": [],
            "destination_application_security_group_ids": [],
            "destination_port_range": "10022",
            "destination_port_ranges": [],
            "direction": "Inbound",
            "id": "/subscriptions/c56aea2c-50de-4adc-9673-6a8008892c21/resourceGroups/b1e3-gr2/providers/Microsoft.Network/networkSecurityGroups/b1e3-gr2-nsg-bastion/securityRules/SSH_Rule",
            "name": "SSH_Rule",
            "network_security_group_name": "b1e3-gr2-nsg-bastion",
            "priority": 100,
            "protocol": "Tcp",
            "resource_group_name": "b1e3-gr2",
            "source_address_prefix": "82.126.234.200",
            "source_address_prefixes": [],
            "source_application_security_group_ids": [],
            "source_port_range": "*",
            "source_port_ranges": [],
            "timeouts": null
          },
          "sensitive_attributes": [],
          "private": "eyJlMmJmYjczMC1lY2FhLTExZTYtOGY4OC0zNDM2M2JjN2M0YzAiOnsiY3JlYXRlIjoxODAwMDAwMDAwMDAwLCJkZWxldGUiOjE4MDAwMDAwMDAwMDAsInJlYWQiOjMwMDAwMDAwMDAwMCwidXBkYXRlIjoxODAwMDAwMDAwMDAwfX0=",
          "dependencies": [
            "azurerm_network_security_group.NSG_Bastion",
            "data.azurerm_resource_group.current"
          ]
        }
      ]
    },
    {
      "mode": "managed",
      "type": "azurerm_public_ip",
      "name": "Public_IP_Bastion",
      "provider": "provider[\"registry.terraform.io/hashicorp/azurerm\"]",
      "instances": [
        {
          "schema_version": 0,
          "attributes": {
            "allocation_method": "Static",
            "ddos_protection_mode": "VirtualNetworkInherited",
            "ddos_protection_plan_id": null,
            "domain_name_label": "b1e3-gr2-bastion",
            "edge_zone": "",
            "fqdn": "b1e3-gr2-bastion.westeurope.cloudapp.azure.com",
            "id": "/subscriptions/c56aea2c-50de-4adc-9673-6a8008892c21/resourceGroups/b1e3-gr2/providers/Microsoft.Network/publicIPAddresses/b1e3-gr2-public_ip-bastion",
            "idle_timeout_in_minutes": 4,
            "ip_address": "23.97.217.90",
            "ip_tags": {},
            "ip_version": "IPv4",
            "location": "westeurope",
            "name": "b1e3-gr2-public_ip-bastion",
            "public_ip_prefix_id": null,
            "resource_group_name": "b1e3-gr2",
            "reverse_fqdn": "",
            "sku": "Standard",
            "sku_tier": "Regional",
            "tags": {
              "DeployID": "2023-07-03",
              "Development": "b1e3-gr2",
              "Environment": "Preproduction",
              "Owner": "azureuser"
            },
            "timeouts": null,
            "zones": []
          },
          "sensitive_attributes": [],
          "private": "eyJlMmJmYjczMC1lY2FhLTExZTYtOGY4OC0zNDM2M2JjN2M0YzAiOnsiY3JlYXRlIjoxODAwMDAwMDAwMDAwLCJkZWxldGUiOjE4MDAwMDAwMDAwMDAsInJlYWQiOjMwMDAwMDAwMDAwMCwidXBkYXRlIjoxODAwMDAwMDAwMDAwfX0=",
          "dependencies": [
            "data.azurerm_resource_group.current",
            "time_static.main"
          ]
        }
      ]
    },
    {
      "mode": "managed",
      "type": "azurerm_subnet",
      "name": "Subnet",
      "provider": "provider[\"registry.terraform.io/hashicorp/azurerm\"]",
      "instances": [
        {
          "index_key": "gateway",
          "schema_version": 0,
          "attributes": {
            "address_prefixes": [
              "10.1.2.0/24"
            ],
            "delegation": [],
            "enforce_private_link_endpoint_network_policies": false,
            "enforce_private_link_service_network_policies": false,
            "id": "/subscriptions/c56aea2c-50de-4adc-9673-6a8008892c21/resourceGroups/b1e3-gr2/providers/Microsoft.Network/virtualNetworks/vn/subnets/gateway",
            "name": "gateway",
            "private_endpoint_network_policies_enabled": true,
            "private_link_service_network_policies_enabled": true,
            "resource_group_name": "b1e3-gr2",
            "service_endpoint_policy_ids": [],
            "service_endpoints": [],
            "timeouts": null,
            "virtual_network_name": "vn"
          },
          "sensitive_attributes": [],
          "private": "eyJlMmJmYjczMC1lY2FhLTExZTYtOGY4OC0zNDM2M2JjN2M0YzAiOnsiY3JlYXRlIjoxODAwMDAwMDAwMDAwLCJkZWxldGUiOjE4MDAwMDAwMDAwMDAsInJlYWQiOjMwMDAwMDAwMDAwMCwidXBkYXRlIjoxODAwMDAwMDAwMDAwfX0=",
          "dependencies": [
            "azurerm_virtual_network.VNet",
            "data.azurerm_resource_group.current",
            "time_static.main"
          ]
        },
        {
          "index_key": "sr1",
          "schema_version": 0,
          "attributes": {
            "address_prefixes": [
              "10.1.0.0/24"
            ],
            "delegation": [],
            "enforce_private_link_endpoint_network_policies": false,
            "enforce_private_link_service_network_policies": false,
            "id": "/subscriptions/c56aea2c-50de-4adc-9673-6a8008892c21/resourceGroups/b1e3-gr2/providers/Microsoft.Network/virtualNetworks/vn/subnets/sr1",
            "name": "sr1",
            "private_endpoint_network_policies_enabled": true,
            "private_link_service_network_policies_enabled": true,
            "resource_group_name": "b1e3-gr2",
            "service_endpoint_policy_ids": [],
            "service_endpoints": [],
            "timeouts": null,
            "virtual_network_name": "vn"
          },
          "sensitive_attributes": [],
          "private": "eyJlMmJmYjczMC1lY2FhLTExZTYtOGY4OC0zNDM2M2JjN2M0YzAiOnsiY3JlYXRlIjoxODAwMDAwMDAwMDAwLCJkZWxldGUiOjE4MDAwMDAwMDAwMDAsInJlYWQiOjMwMDAwMDAwMDAwMCwidXBkYXRlIjoxODAwMDAwMDAwMDAwfX0=",
          "dependencies": [
            "azurerm_virtual_network.VNet",
            "data.azurerm_resource_group.current",
            "time_static.main"
          ]
        },
        {
          "index_key": "sr2",
          "schema_version": 0,
          "attributes": {
            "address_prefixes": [
              "10.1.1.0/24"
            ],
            "delegation": [],
            "enforce_private_link_endpoint_network_policies": false,
            "enforce_private_link_service_network_policies": false,
            "id": "/subscriptions/c56aea2c-50de-4adc-9673-6a8008892c21/resourceGroups/b1e3-gr2/providers/Microsoft.Network/virtualNetworks/vn/subnets/sr2",
            "name": "sr2",
            "private_endpoint_network_policies_enabled": true,
            "private_link_service_network_policies_enabled": true,
            "resource_group_name": "b1e3-gr2",
            "service_endpoint_policy_ids": [],
            "service_endpoints": [],
            "timeouts": null,
            "virtual_network_name": "vn"
          },
          "sensitive_attributes": [],
          "private": "eyJlMmJmYjczMC1lY2FhLTExZTYtOGY4OC0zNDM2M2JjN2M0YzAiOnsiY3JlYXRlIjoxODAwMDAwMDAwMDAwLCJkZWxldGUiOjE4MDAwMDAwMDAwMDAsInJlYWQiOjMwMDAwMDAwMDAwMCwidXBkYXRlIjoxODAwMDAwMDAwMDAwfX0=",
          "dependencies": [
            "azurerm_virtual_network.VNet",
            "data.azurerm_resource_group.current",
            "time_static.main"
          ]
        }
      ]
    },
    {
      "mode": "managed",
      "type": "azurerm_virtual_machine",
      "name": "VM_Bastion",
      "provider": "provider[\"registry.terraform.io/hashicorp/azurerm\"]",
      "instances": [
        {
          "schema_version": 0,
          "attributes": {
            "additional_capabilities": [],
            "availability_set_id": null,
            "boot_diagnostics": [],
            "delete_data_disks_on_termination": false,
            "delete_os_disk_on_termination": true,
            "id": "/subscriptions/c56aea2c-50de-4adc-9673-6a8008892c21/resourceGroups/b1e3-gr2/providers/Microsoft.Compute/virtualMachines/b1e3-gr2-vm-bastion",
            "identity": [],
            "license_type": null,
            "location": "westeurope",
            "name": "b1e3-gr2-vm-bastion",
            "network_interface_ids": [
              "/subscriptions/c56aea2c-50de-4adc-9673-6a8008892c21/resourceGroups/b1e3-gr2/providers/Microsoft.Network/networkInterfaces/b1e3-gr2-nic"
            ],
            "os_profile": [
              {
                "admin_password": "",
                "admin_username": "azureuser",
                "computer_name": "bastion",
                "custom_data": ""
              }
            ],
            "os_profile_linux_config": [
              {
                "disable_password_authentication": true,
                "ssh_keys": [
                  {
                    "key_data": "ssh-rsa AAAAB3NzaC1yc2EAAAADAQABAAACAQCmGVjetY9Ohwzfx6hDCs+eXMVnjYZdSW5Lhq5mMzbm9OMI+xM96RINmhJs6VagtuksAfkTnoPqvlXXjCXrzCxgd1mUzJQpslJTQh7cNoLrRsqt5w4e8mZ7Q96boibU9e9y8gIhGQTAkFj9T373kyvP33CJsX4IiaYELkHNyqcovcmzZKXzUj304yoAlJ5zYDkuuvSNO19+eiahd3wVTQooPWtmppW0sue5tX7x7CzVqTdkCyweAgy9/2NJqY83/wOeZHbvk21ubJ71f4jNorr91XCpbKzTA2KY532BTdout3RtEzIfXUFll2EJlECoTH1aeDisHxU2a3VfvfoHhf17RwN8WArVPfIfwFpg5D52Df1qb+WDlh/3EMFmi5y2fxgQlqeZ0ErB49Xh9W3E9OEFBrNwtC5aZUSBsC6NJuetPzg43C1Lhzrg9aVXBdPE9tze1ufI0Jyp//xcQGHlsXUx3IaDY8vTrs9Ce7rpsUrkqfGE9lArc3aE+fltvno0UlFzy6jLBxBXdPlzYHkckCNYdQNn/TdXMjYeFWPK5jxGRrQyGmc3QRL61E0mM51YfkuVX/fyx4DANa/AvyqYoIAjI4DhjXYQLyTUznCMLixEf1Sb4wS7IbReXP4b9XF5bia/zx3Vw8yO5bBq3mMzNl9IUowqDpYB1cDNXFM5hD+NLw== kusz.sebastien@gmail.com\n",
                    "path": "/home/azureuser/.ssh/authorized_keys"
                  }
                ]
              }
            ],
            "os_profile_secrets": [],
            "os_profile_windows_config": [],
            "plan": [],
            "primary_network_interface_id": null,
            "proximity_placement_group_id": null,
            "resource_group_name": "b1e3-gr2",
            "storage_data_disk": [],
            "storage_image_reference": [
              {
                "id": "",
                "offer": "0001-com-ubuntu-server-jammy",
                "publisher": "Canonical",
                "sku": "22_04-lts-gen2",
                "version": "latest"
              }
            ],
            "storage_os_disk": [
              {
                "caching": "ReadWrite",
                "create_option": "FromImage",
                "disk_size_gb": 30,
                "image_uri": "",
                "managed_disk_id": "/subscriptions/c56aea2c-50de-4adc-9673-6a8008892c21/resourceGroups/b1e3-gr2/providers/Microsoft.Compute/disks/myosdisk1",
                "managed_disk_type": "Standard_LRS",
                "name": "myosdisk1",
                "os_type": "Linux",
                "vhd_uri": "",
                "write_accelerator_enabled": false
              }
            ],
            "tags": {
              "DeployID": "2023-07-03",
              "Development": "b1e3-gr2",
              "Environment": "Preproduction",
              "Owner": "azureuser"
            },
            "timeouts": null,
            "vm_size": "Standard_B2s",
            "zones": null
          },
          "sensitive_attributes": [],
          "private": "eyJlMmJmYjczMC1lY2FhLTExZTYtOGY4OC0zNDM2M2JjN2M0YzAiOnsiY3JlYXRlIjozNjAwMDAwMDAwMDAwLCJkZWxldGUiOjM2MDAwMDAwMDAwMDAsInJlYWQiOjMwMDAwMDAwMDAwMCwidXBkYXRlIjozNjAwMDAwMDAwMDAwfX0=",
          "dependencies": [
            "azurerm_network_interface.main",
            "data.azurerm_resource_group.current",
            "time_static.main"
          ]
        }
      ]
    },
    {
      "mode": "managed",
      "type": "azurerm_virtual_network",
      "name": "VNet",
      "provider": "provider[\"registry.terraform.io/hashicorp/azurerm\"]",
      "instances": [
        {
          "schema_version": 0,
          "attributes": {
            "address_space": [
              "10.1.0.0/16"
            ],
            "bgp_community": "",
            "ddos_protection_plan": [],
            "dns_servers": [],
            "edge_zone": "",
            "flow_timeout_in_minutes": 0,
            "guid": "6dde3b91-79e7-4e8f-b1f8-f77cd0469919",
            "id": "/subscriptions/c56aea2c-50de-4adc-9673-6a8008892c21/resourceGroups/b1e3-gr2/providers/Microsoft.Network/virtualNetworks/vn",
            "location": "westeurope",
            "name": "vn",
            "resource_group_name": "b1e3-gr2",
            "subnet": [
              {
                "address_prefix": "10.1.0.0/24",
                "id": "/subscriptions/c56aea2c-50de-4adc-9673-6a8008892c21/resourceGroups/b1e3-gr2/providers/Microsoft.Network/virtualNetworks/vn/subnets/sr1",
                "name": "sr1",
                "security_group": ""
              },
              {
                "address_prefix": "10.1.1.0/24",
                "id": "/subscriptions/c56aea2c-50de-4adc-9673-6a8008892c21/resourceGroups/b1e3-gr2/providers/Microsoft.Network/virtualNetworks/vn/subnets/sr2",
                "name": "sr2",
                "security_group": ""
              },
              {
                "address_prefix": "10.1.2.0/24",
                "id": "/subscriptions/c56aea2c-50de-4adc-9673-6a8008892c21/resourceGroups/b1e3-gr2/providers/Microsoft.Network/virtualNetworks/vn/subnets/gateway",
                "name": "gateway",
                "security_group": ""
              }
            ],
            "tags": {
              "DeployID": "2023-07-03",
              "Development": "b1e3-gr2",
              "Environment": "Preproduction",
              "Owner": "azureuser"
            },
            "timeouts": null
          },
          "sensitive_attributes": [],
          "private": "eyJlMmJmYjczMC1lY2FhLTExZTYtOGY4OC0zNDM2M2JjN2M0YzAiOnsiY3JlYXRlIjoxODAwMDAwMDAwMDAwLCJkZWxldGUiOjE4MDAwMDAwMDAwMDAsInJlYWQiOjMwMDAwMDAwMDAwMCwidXBkYXRlIjoxODAwMDAwMDAwMDAwfX0=",
          "dependencies": [
            "data.azurerm_resource_group.current",
            "time_static.main"
          ]
        }
      ]
    },
    {
      "mode": "managed",
      "type": "time_static",
      "name": "main",
      "provider": "provider[\"registry.terraform.io/hashicorp/time\"]",
      "instances": [
        {
          "schema_version": 0,
          "attributes": {
            "day": 3,
            "hour": 19,
            "id": "2023-07-03T19:12:41Z",
            "minute": 12,
            "month": 7,
            "rfc3339": "2023-07-03T19:12:41Z",
            "second": 41,
            "triggers": null,
            "unix": 1688411561,
            "year": 2023
          },
          "sensitive_attributes": []
        }
      ]
    }
  ],
  "check_results": null
}
